// !$*UTF8*$!
{
	archiveVersion = 1;
	classes = {
	};
	objectVersion = 46;
	objects = {

/* Begin PBXBuildFile section */
		297B4DFF1E589AFE00BAF990 /* CleverPush.framework in Frameworks */ = {isa = PBXBuildFile; fileRef = 297B4DF51E589AFE00BAF990 /* CleverPush.framework */; };
		297B4E261E58A16600BAF990 /* CleverPush.h in Headers */ = {isa = PBXBuildFile; fileRef = 297B4E211E58A16600BAF990 /* CleverPush.h */; settings = {ATTRIBUTES = (Public, ); }; };
		297B4E271E58A16600BAF990 /* CleverPush.m in Sources */ = {isa = PBXBuildFile; fileRef = 297B4E221E58A16600BAF990 /* CleverPush.m */; };
		297B4E291E58A16600BAF990 /* CleverPushHTTPClient.m in Sources */ = {isa = PBXBuildFile; fileRef = 297B4E241E58A16600BAF990 /* CleverPushHTTPClient.m */; };
		29C1BAEC1E58B61B00815CD6 /* CleverPush.m in Sources */ = {isa = PBXBuildFile; fileRef = 297B4E221E58A16600BAF990 /* CleverPush.m */; };
		29C1BAED1E58B61C00815CD6 /* CleverPushHTTPClient.m in Sources */ = {isa = PBXBuildFile; fileRef = 297B4E241E58A16600BAF990 /* CleverPushHTTPClient.m */; };
		29C1BAEE1E58B65800815CD6 /* CleverPush.h in CopyFiles */ = {isa = PBXBuildFile; fileRef = 297B4E211E58A16600BAF990 /* CleverPush.h */; };
		29C1BAF21E58B89500815CD6 /* SystemConfiguration.framework in Frameworks */ = {isa = PBXBuildFile; fileRef = 29C1BAF11E58B89500815CD6 /* SystemConfiguration.framework */; };
		29C1BAF41E58B89900815CD6 /* UIKit.framework in Frameworks */ = {isa = PBXBuildFile; fileRef = 29C1BAF31E58B89900815CD6 /* UIKit.framework */; };
		29DC4ABB2181D9E40051F6E9 /* UNUserNotificationCenter+CleverPush.m in Sources */ = {isa = PBXBuildFile; fileRef = 29DC4ABA2181D9E40051F6E9 /* UNUserNotificationCenter+CleverPush.m */; };
		29DC4ABD2181E3100051F6E9 /* CleverPushSelectorHelpers.m in Sources */ = {isa = PBXBuildFile; fileRef = 29DC4ABC2181E3100051F6E9 /* CleverPushSelectorHelpers.m */; };
/* End PBXBuildFile section */

/* Begin PBXContainerItemProxy section */
		297B4E001E589AFE00BAF990 /* PBXContainerItemProxy */ = {
			isa = PBXContainerItemProxy;
			containerPortal = 297B4DEC1E589AFE00BAF990 /* Project object */;
			proxyType = 1;
			remoteGlobalIDString = 297B4DF41E589AFE00BAF990;
			remoteInfo = "CleverPush iOS SDK";
		};
		29C1BAEA1E58B5FB00815CD6 /* PBXContainerItemProxy */ = {
			isa = PBXContainerItemProxy;
			containerPortal = 297B4DEC1E589AFE00BAF990 /* Project object */;
			proxyType = 1;
			remoteGlobalIDString = 297B4DF41E589AFE00BAF990;
			remoteInfo = CleverPush;
		};
/* End PBXContainerItemProxy section */

/* Begin PBXCopyFilesBuildPhase section */
		29C1BADF1E58B5EB00815CD6 /* CopyFiles */ = {
			isa = PBXCopyFilesBuildPhase;
			buildActionMask = 2147483647;
			dstPath = "include/$(PRODUCT_NAME)";
			dstSubfolderSpec = 16;
			files = (
				29C1BAEE1E58B65800815CD6 /* CleverPush.h in CopyFiles */,
			);
			runOnlyForDeploymentPostprocessing = 0;
		};
/* End PBXCopyFilesBuildPhase section */

/* Begin PBXFileReference section */
		297B4DF51E589AFE00BAF990 /* CleverPush.framework */ = {isa = PBXFileReference; explicitFileType = wrapper.framework; includeInIndex = 0; path = CleverPush.framework; sourceTree = BUILT_PRODUCTS_DIR; };
		297B4DFE1E589AFE00BAF990 /* CleverPushTests.xctest */ = {isa = PBXFileReference; explicitFileType = wrapper.cfbundle; includeInIndex = 0; path = CleverPushTests.xctest; sourceTree = BUILT_PRODUCTS_DIR; };
		297B4E211E58A16600BAF990 /* CleverPush.h */ = {isa = PBXFileReference; fileEncoding = 4; lastKnownFileType = sourcecode.c.h; path = CleverPush.h; sourceTree = "<group>"; };
		297B4E221E58A16600BAF990 /* CleverPush.m */ = {isa = PBXFileReference; fileEncoding = 4; lastKnownFileType = sourcecode.c.objc; path = CleverPush.m; sourceTree = "<group>"; };
		297B4E231E58A16600BAF990 /* CleverPushHTTPClient.h */ = {isa = PBXFileReference; fileEncoding = 4; lastKnownFileType = sourcecode.c.h; path = CleverPushHTTPClient.h; sourceTree = "<group>"; };
		297B4E241E58A16600BAF990 /* CleverPushHTTPClient.m */ = {isa = PBXFileReference; fileEncoding = 4; lastKnownFileType = sourcecode.c.objc; path = CleverPushHTTPClient.m; sourceTree = "<group>"; };
		297B4E321E58A18F00BAF990 /* Info.plist */ = {isa = PBXFileReference; fileEncoding = 4; lastKnownFileType = text.plist.xml; path = Info.plist; sourceTree = "<group>"; };
		297B4E351E58A1AA00BAF990 /* CleverPush.podspec */ = {isa = PBXFileReference; fileEncoding = 4; lastKnownFileType = text; name = CleverPush.podspec; path = ../CleverPush.podspec; sourceTree = "<group>"; };
		297B4E371E58A1BD00BAF990 /* LICENSE */ = {isa = PBXFileReference; fileEncoding = 4; lastKnownFileType = text; name = LICENSE; path = ../LICENSE; sourceTree = "<group>"; };
		297B4E381E58A1BD00BAF990 /* README.md */ = {isa = PBXFileReference; fileEncoding = 4; lastKnownFileType = net.daringfireball.markdown; name = README.md; path = ../README.md; sourceTree = "<group>"; };
		29C1BAE11E58B5EB00815CD6 /* libCleverPush.a */ = {isa = PBXFileReference; explicitFileType = archive.ar; includeInIndex = 0; path = libCleverPush.a; sourceTree = BUILT_PRODUCTS_DIR; };
		29C1BAF11E58B89500815CD6 /* SystemConfiguration.framework */ = {isa = PBXFileReference; lastKnownFileType = wrapper.framework; name = SystemConfiguration.framework; path = System/Library/Frameworks/SystemConfiguration.framework; sourceTree = SDKROOT; };
		29C1BAF31E58B89900815CD6 /* UIKit.framework */ = {isa = PBXFileReference; lastKnownFileType = wrapper.framework; name = UIKit.framework; path = System/Library/Frameworks/UIKit.framework; sourceTree = SDKROOT; };
		29C1BAF51E58BAB800815CD6 /* Info.plist */ = {isa = PBXFileReference; fileEncoding = 4; lastKnownFileType = text.plist.xml; name = Info.plist; path = "CleverPush-Dynamic/Info.plist"; sourceTree = "<group>"; };
		29DC4AB92181D9E40051F6E9 /* UNUserNotificationCenter+CleverPush.h */ = {isa = PBXFileReference; lastKnownFileType = sourcecode.c.h; path = "UNUserNotificationCenter+CleverPush.h"; sourceTree = "<group>"; };
		29DC4ABA2181D9E40051F6E9 /* UNUserNotificationCenter+CleverPush.m */ = {isa = PBXFileReference; lastKnownFileType = sourcecode.c.objc; path = "UNUserNotificationCenter+CleverPush.m"; sourceTree = "<group>"; };
		29DC4ABC2181E3100051F6E9 /* CleverPushSelectorHelpers.m */ = {isa = PBXFileReference; lastKnownFileType = sourcecode.c.objc; path = CleverPushSelectorHelpers.m; sourceTree = "<group>"; };
		29DC4ABE2181E3200051F6E9 /* CleverPushSelectorHelpers.h */ = {isa = PBXFileReference; lastKnownFileType = sourcecode.c.h; path = CleverPushSelectorHelpers.h; sourceTree = "<group>"; };
/* End PBXFileReference section */

/* Begin PBXFrameworksBuildPhase section */
		297B4DF11E589AFE00BAF990 /* Frameworks */ = {
			isa = PBXFrameworksBuildPhase;
			buildActionMask = 2147483647;
			files = (
				29C1BAF41E58B89900815CD6 /* UIKit.framework in Frameworks */,
				29C1BAF21E58B89500815CD6 /* SystemConfiguration.framework in Frameworks */,
			);
			runOnlyForDeploymentPostprocessing = 0;
		};
		297B4DFB1E589AFE00BAF990 /* Frameworks */ = {
			isa = PBXFrameworksBuildPhase;
			buildActionMask = 2147483647;
			files = (
				297B4DFF1E589AFE00BAF990 /* CleverPush.framework in Frameworks */,
			);
			runOnlyForDeploymentPostprocessing = 0;
		};
		29C1BADE1E58B5EB00815CD6 /* Frameworks */ = {
			isa = PBXFrameworksBuildPhase;
			buildActionMask = 2147483647;
			files = (
			);
			runOnlyForDeploymentPostprocessing = 0;
		};
/* End PBXFrameworksBuildPhase section */

/* Begin PBXGroup section */
		297B4DEB1E589AFE00BAF990 = {
			isa = PBXGroup;
			children = (
				297B4E351E58A1AA00BAF990 /* CleverPush.podspec */,
				297B4E371E58A1BD00BAF990 /* LICENSE */,
				297B4E381E58A1BD00BAF990 /* README.md */,
				29C1BAF51E58BAB800815CD6 /* Info.plist */,
				297B4DF61E589AFE00BAF990 /* Products */,
				297B4E301E58A18F00BAF990 /* CleverPushTests */,
				297B4E201E58A16600BAF990 /* CleverPush */,
				29C1BAF01E58B89500815CD6 /* Frameworks */,
			);
			sourceTree = "<group>";
		};
		297B4DF61E589AFE00BAF990 /* Products */ = {
			isa = PBXGroup;
			children = (
				297B4DF51E589AFE00BAF990 /* CleverPush.framework */,
				297B4DFE1E589AFE00BAF990 /* CleverPushTests.xctest */,
				29C1BAE11E58B5EB00815CD6 /* libCleverPush.a */,
			);
			name = Products;
			sourceTree = "<group>";
		};
		297B4E201E58A16600BAF990 /* CleverPush */ = {
			isa = PBXGroup;
			children = (
				297B4E211E58A16600BAF990 /* CleverPush.h */,
				297B4E221E58A16600BAF990 /* CleverPush.m */,
				297B4E231E58A16600BAF990 /* CleverPushHTTPClient.h */,
				297B4E241E58A16600BAF990 /* CleverPushHTTPClient.m */,
				29DC4AB92181D9E40051F6E9 /* UNUserNotificationCenter+CleverPush.h */,
				29DC4ABA2181D9E40051F6E9 /* UNUserNotificationCenter+CleverPush.m */,
				29DC4ABC2181E3100051F6E9 /* CleverPushSelectorHelpers.m */,
				29DC4ABE2181E3200051F6E9 /* CleverPushSelectorHelpers.h */,
			);
			path = CleverPush;
			sourceTree = "<group>";
		};
		297B4E301E58A18F00BAF990 /* CleverPushTests */ = {
			isa = PBXGroup;
			children = (
				297B4E321E58A18F00BAF990 /* Info.plist */,
			);
			path = CleverPushTests;
			sourceTree = "<group>";
		};
		29C1BAF01E58B89500815CD6 /* Frameworks */ = {
			isa = PBXGroup;
			children = (
				29C1BAF31E58B89900815CD6 /* UIKit.framework */,
				29C1BAF11E58B89500815CD6 /* SystemConfiguration.framework */,
			);
			name = Frameworks;
			sourceTree = "<group>";
		};
/* End PBXGroup section */

/* Begin PBXHeadersBuildPhase section */
		297B4DF21E589AFE00BAF990 /* Headers */ = {
			isa = PBXHeadersBuildPhase;
			buildActionMask = 2147483647;
			files = (
				297B4E261E58A16600BAF990 /* CleverPush.h in Headers */,
			);
			runOnlyForDeploymentPostprocessing = 0;
		};
/* End PBXHeadersBuildPhase section */

/* Begin PBXNativeTarget section */
		297B4DF41E589AFE00BAF990 /* CleverPush-Dynamic */ = {
			isa = PBXNativeTarget;
			buildConfigurationList = 297B4E091E589AFE00BAF990 /* Build configuration list for PBXNativeTarget "CleverPush-Dynamic" */;
			buildPhases = (
				297B4DF01E589AFE00BAF990 /* Sources */,
				297B4DF11E589AFE00BAF990 /* Frameworks */,
				297B4DF21E589AFE00BAF990 /* Headers */,
			);
			buildRules = (
			);
			dependencies = (
			);
			name = "CleverPush-Dynamic";
			productName = "CleverPush iOS SDK";
			productReference = 297B4DF51E589AFE00BAF990 /* CleverPush.framework */;
			productType = "com.apple.product-type.framework";
		};
		297B4DFD1E589AFE00BAF990 /* CleverPushTests */ = {
			isa = PBXNativeTarget;
			buildConfigurationList = 297B4E0C1E589AFE00BAF990 /* Build configuration list for PBXNativeTarget "CleverPushTests" */;
			buildPhases = (
				297B4DFA1E589AFE00BAF990 /* Sources */,
				297B4DFB1E589AFE00BAF990 /* Frameworks */,
				297B4DFC1E589AFE00BAF990 /* Resources */,
			);
			buildRules = (
			);
			dependencies = (
				297B4E011E589AFE00BAF990 /* PBXTargetDependency */,
			);
			name = CleverPushTests;
			productName = "CleverPush iOS SDKTests";
			productReference = 297B4DFE1E589AFE00BAF990 /* CleverPushTests.xctest */;
			productType = "com.apple.product-type.bundle.unit-test";
		};
		29C1BAE01E58B5EB00815CD6 /* CleverPush */ = {
			isa = PBXNativeTarget;
			buildConfigurationList = 29C1BAE71E58B5EB00815CD6 /* Build configuration list for PBXNativeTarget "CleverPush" */;
			buildPhases = (
				29C1BADD1E58B5EB00815CD6 /* Sources */,
				29C1BADE1E58B5EB00815CD6 /* Frameworks */,
				29C1BADF1E58B5EB00815CD6 /* CopyFiles */,
				29C1BAEF1E58B66A00815CD6 /* ShellScript */,
			);
			buildRules = (
			);
			dependencies = (
				29C1BAEB1E58B5FB00815CD6 /* PBXTargetDependency */,
			);
			name = CleverPush;
			productName = CleverPush;
			productReference = 29C1BAE11E58B5EB00815CD6 /* libCleverPush.a */;
			productType = "com.apple.product-type.library.static";
		};
/* End PBXNativeTarget section */

/* Begin PBXProject section */
		297B4DEC1E589AFE00BAF990 /* Project object */ = {
			isa = PBXProject;
			attributes = {
				LastSwiftUpdateCheck = 0810;
				LastUpgradeCheck = 0810;
				ORGANIZATIONNAME = CleverPush;
				TargetAttributes = {
					297B4DF41E589AFE00BAF990 = {
						CreatedOnToolsVersion = 8.1;
						DevelopmentTeam = KWJDGZUQ72;
						ProvisioningStyle = Automatic;
					};
					297B4DFD1E589AFE00BAF990 = {
						CreatedOnToolsVersion = 8.1;
						DevelopmentTeam = U3N7KV9R44;
						ProvisioningStyle = Automatic;
					};
					29C1BAE01E58B5EB00815CD6 = {
						CreatedOnToolsVersion = 8.1;
						DevelopmentTeam = U3N7KV9R44;
						ProvisioningStyle = Automatic;
					};
				};
			};
			buildConfigurationList = 297B4DEF1E589AFE00BAF990 /* Build configuration list for PBXProject "CleverPush" */;
			compatibilityVersion = "Xcode 3.2";
			developmentRegion = English;
			hasScannedForEncodings = 0;
			knownRegions = (
				en,
			);
			mainGroup = 297B4DEB1E589AFE00BAF990;
			productRefGroup = 297B4DF61E589AFE00BAF990 /* Products */;
			projectDirPath = "";
			projectRoot = "";
			targets = (
				297B4DF41E589AFE00BAF990 /* CleverPush-Dynamic */,
				297B4DFD1E589AFE00BAF990 /* CleverPushTests */,
				29C1BAE01E58B5EB00815CD6 /* CleverPush */,
			);
		};
/* End PBXProject section */

/* Begin PBXResourcesBuildPhase section */
		297B4DFC1E589AFE00BAF990 /* Resources */ = {
			isa = PBXResourcesBuildPhase;
			buildActionMask = 2147483647;
			files = (
			);
			runOnlyForDeploymentPostprocessing = 0;
		};
/* End PBXResourcesBuildPhase section */

/* Begin PBXShellScriptBuildPhase section */
		29C1BAEF1E58B66A00815CD6 /* ShellScript */ = {
			isa = PBXShellScriptBuildPhase;
			buildActionMask = 2147483647;
			files = (
			);
			inputPaths = (
			);
			outputPaths = (
			);
			runOnlyForDeploymentPostprocessing = 0;
			shellPath = /bin/sh;
			shellScript = "# Purpose:\n#   Automatically create a Universal static library for iPhone + iPad + iPhone Simulator from within XCode\n\nset -e\nset -o pipefail\n\n#################[ Tests: helps workaround any future bugs in Xcode ]########\n#\nDEBUG_THIS_SCRIPT=\"true\"\n\nif [ $DEBUG_THIS_SCRIPT = \"true\" ]\nthen\necho \"########### TESTS #############\"\necho \"Use the following variables when debugging this script; note that they may change on recursions\"\necho \"BUILD_DIR = $BUILD_DIR\"\necho \"BUILD_ROOT = $BUILD_ROOT\"\necho \"CONFIGURATION_BUILD_DIR = $CONFIGURATION_BUILD_DIR\"\necho \"BUILT_PRODUCTS_DIR = $BUILT_PRODUCTS_DIR\"\necho \"CONFIGURATION_TEMP_DIR = $CONFIGURATION_TEMP_DIR\"\necho \"TARGET_BUILD_DIR = $TARGET_BUILD_DIR\"\nfi\n\n#####################[ part 1 ]##################\n# First, work out the BASESDK version number (NB: Apple ought to report this, but they hide it)\n#    (incidental: searching for substrings in sh is a nightmare! Sob)\n\nSDK_VERSION=$(echo ${SDK_NAME} | grep -o '.\\{4\\}$')\n\n# Next, work out if we're in SIM or DEVICE\n\nif [ ${PLATFORM_NAME} = \"iphonesimulator\" ]\nthen\nOTHER_SDK_TO_BUILD=iphoneos${SDK_VERSION}\nelse\nOTHER_SDK_TO_BUILD=iphonesimulator${SDK_VERSION}\nfi\n\necho \"XCode has selected SDK: ${PLATFORM_NAME} with version: ${SDK_VERSION} (although back-targetting: ${IPHONEOS_DEPLOYMENT_TARGET})\"\necho \"...therefore, OTHER_SDK_TO_BUILD = ${OTHER_SDK_TO_BUILD}\"\n#\n#####################[ end of part 1 ]##################\n\n#####################[ part 2 ]##################\n# IF this is the original invocation, invoke WHATEVER other builds are required\n# Xcode is already building ONE target...\n# ...but this is a LIBRARY, so Apple is wrong to set it to build just one.\n# ...we need to build ALL targets\n# ...we MUST NOT re-build the target that is ALREADY being built: Xcode WILL CRASH YOUR COMPUTER if you try this (infinite recursion!)\n#\n# So: build ONLY the missing platforms/configurations.\n\nif [ \"true\" == ${ALREADYINVOKED:-false} ]\nthen\necho \"RECURSION: I am NOT the root invocation, so I'm NOT going to recurse\"\nelse\n# CRITICAL:\n# Prevent infinite recursion (Xcode sucks)\nexport ALREADYINVOKED=\"true\"\n\necho \"RECURSION: I am the root ... recursing all missing build targets NOW...\"\necho \"RECURSION: ...about to invoke: xcodebuild -configuration \\\"${CONFIGURATION}\\\" -project \\\"${PROJECT_NAME}.xcodeproj\\\" -target \\\"${TARGET_NAME}\\\" -sdk \\\"${OTHER_SDK_TO_BUILD}\\\" ${ACTION} RUN_CLANG_STATIC_ANALYZER=NO\" BUILD_DIR=\\\"${BUILD_DIR}\\\" BUILD_ROOT=\\\"${BUILD_ROOT}\\\" SYMROOT=\\\"${SYMROOT}\\\"\n\nxcodebuild -configuration \"${CONFIGURATION}\" -project \"${PROJECT_NAME}.xcodeproj\" -target \"${TARGET_NAME}\" -sdk \"${OTHER_SDK_TO_BUILD}\" ${ACTION} RUN_CLANG_STATIC_ANALYZER=NO BUILD_DIR=\"${BUILD_DIR}\" BUILD_ROOT=\"${BUILD_ROOT}\" SYMROOT=\"${SYMROOT}\"\n\nACTION=\"build\"\n\n#Merge all platform binaries as a fat binary for each configurations.\n\n# Calculate where the (multiple) built files are coming from:\nCURRENTCONFIG_DEVICE_DIR=${SYMROOT}/${CONFIGURATION}-iphoneos\nCURRENTCONFIG_SIMULATOR_DIR=${SYMROOT}/${CONFIGURATION}-iphonesimulator\n\necho \"Taking device build from: ${CURRENTCONFIG_DEVICE_DIR}\"\necho \"Taking simulator build from: ${CURRENTCONFIG_SIMULATOR_DIR}\"\n\nCREATING_UNIVERSAL_DIR=${SYMROOT}/${CONFIGURATION}-universal\necho \"...I will output a universal build to: ${CREATING_UNIVERSAL_DIR}\"\n\n# ... remove the products of previous runs of this script\n#      NB: this directory is ONLY created by this script - it should be safe to delete!\n\nrm -rf \"${CREATING_UNIVERSAL_DIR}\"\nmkdir \"${CREATING_UNIVERSAL_DIR}\"\n\n#\necho \"lipo: for current configuration (${CONFIGURATION}) creating output file: ${CREATING_UNIVERSAL_DIR}/${EXECUTABLE_NAME}\"\nxcrun -sdk iphoneos lipo -create -output \"${CREATING_UNIVERSAL_DIR}/${EXECUTABLE_NAME}\" \"${CURRENTCONFIG_DEVICE_DIR}/${EXECUTABLE_NAME}\" \"${CURRENTCONFIG_SIMULATOR_DIR}/${EXECUTABLE_NAME}\"\n\n#########\n#\n# Added: StackOverflow suggestion to also copy \"include\" files\n#    (untested, but should work OK)\n#\necho \"Fetching headers from ${PUBLIC_HEADERS_FOLDER_PATH}\"\necho \"  (if you embed your library project in another project, you will need to add\"\necho '   a \"User Search Headers\" build setting of: (NB INCLUDE THE DOUBLE QUOTES BELOW!)'\necho '        \"$(TARGET_BUILD_DIR)/usr/local/include/\"'\nif [ -d \"${CURRENTCONFIG_DEVICE_DIR}${PUBLIC_HEADERS_FOLDER_PATH}\" ]\nthen\nmkdir -p \"${CREATING_UNIVERSAL_DIR}${PUBLIC_HEADERS_FOLDER_PATH}\"\n# * needs to be outside the double quotes?\ncp -r \"${CURRENTCONFIG_DEVICE_DIR}${PUBLIC_HEADERS_FOLDER_PATH}\"* \"${CREATING_UNIVERSAL_DIR}${PUBLIC_HEADERS_FOLDER_PATH}\"\nfi\nfi\n\nif [ -d \"${SRCROOT}/build\" ]\nthen\nrm -rf \"${SRCROOT}/build\"\nfi\n\n#Move the libs to create framework for both XC & XC8\n\nSIMULATOR_LIBRARY_PATH=\"${BUILD_DIR}/${CONFIGURATION}-iphonesimulator/libCleverPush.a\" &&\nDEVICE_LIBRARY_PATH=\"${BUILD_DIR}/${CONFIGURATION}-iphoneos/libCleverPush.a\" &&\nUNIVERSAL_LIBRARY_DIR=\"${BUILD_DIR}/${CONFIGURATION}-iphoneuniversal\" &&\nUNIVERSAL_LIBRARY_PATH=\"${UNIVERSAL_LIBRARY_DIR}/CleverPush\" &&\nFRAMEWORK=\"${SRCROOT}/Framework/CleverPush.framework\" &&\n\n# Create framework directory structure.\nrm -rf \"${FRAMEWORK}\" &&\nmkdir -p \"${UNIVERSAL_LIBRARY_DIR}\" &&\nmkdir -p \"${FRAMEWORK}/Versions/A/Headers\" &&\nmkdir -p \"${FRAMEWORK}/Versions/A/Modules\"\n\n# Generate universal binary for the device and simulator for the stable version\nlipo \"${SIMULATOR_LIBRARY_PATH}\" \"${DEVICE_LIBRARY_PATH}\" -create -output \"${UNIVERSAL_LIBRARY_PATH}\" &&\n\n# Move files to appropriate locations in framework paths for stable version\ncp \"${UNIVERSAL_LIBRARY_PATH}\" \"${FRAMEWORK}/Versions/A\" &&\nln -s \"A\" \"${FRAMEWORK}/Versions/Current\" &&\nln -s \"Versions/Current/Headers\" \"${FRAMEWORK}/Headers\" &&\nln -s \"Versions/Current/${PRODUCT_NAME}\" \"${FRAMEWORK}/CleverPush\" &&\n\n#copy header file\ncp \"${BUILD_DIR}/${CONFIGURATION}-iphonesimulator/include/CleverPush/CleverPush.h\" \"${FRAMEWORK}/Versions/A/Headers/CleverPush.h\"\n\n#Generate module.modulemap\ntouch \"${FRAMEWORK}/Versions/A/Modules/module.modulemap\"\necho \"framework module CleverPush {\" >> \"${FRAMEWORK}/Versions/A/Modules/module.modulemap\"\necho \"    umbrella header \\\"CleverPush.h\\\"\" >> \"${FRAMEWORK}/Versions/A/Modules/module.modulemap\"\necho \"    export *\" >> \"${FRAMEWORK}/Versions/A/Modules/module.modulemap\"\necho \"    module * { export * }\" >> \"${FRAMEWORK}/Versions/A/Modules/module.modulemap\"\necho \"}\" >> \"${FRAMEWORK}/Versions/A/Modules/module.modulemap\"\n# Create symbolic link to the map\nln -s \"Versions/Current/Modules\" \"${FRAMEWORK}/Modules\"\n\n# cleanup\nrm -rf \"${SRCROOT}/build\"\n";
		};
/* End PBXShellScriptBuildPhase section */

/* Begin PBXSourcesBuildPhase section */
		297B4DF01E589AFE00BAF990 /* Sources */ = {
			isa = PBXSourcesBuildPhase;
			buildActionMask = 2147483647;
			files = (
				297B4E271E58A16600BAF990 /* CleverPush.m in Sources */,
				297B4E291E58A16600BAF990 /* CleverPushHTTPClient.m in Sources */,
			);
			runOnlyForDeploymentPostprocessing = 0;
		};
		297B4DFA1E589AFE00BAF990 /* Sources */ = {
			isa = PBXSourcesBuildPhase;
			buildActionMask = 2147483647;
			files = (
			);
			runOnlyForDeploymentPostprocessing = 0;
		};
		29C1BADD1E58B5EB00815CD6 /* Sources */ = {
			isa = PBXSourcesBuildPhase;
			buildActionMask = 2147483647;
			files = (
				29C1BAEC1E58B61B00815CD6 /* CleverPush.m in Sources */,
				29C1BAED1E58B61C00815CD6 /* CleverPushHTTPClient.m in Sources */,
				29DC4ABB2181D9E40051F6E9 /* UNUserNotificationCenter+CleverPush.m in Sources */,
				29DC4ABD2181E3100051F6E9 /* CleverPushSelectorHelpers.m in Sources */,
			);
			runOnlyForDeploymentPostprocessing = 0;
		};
/* End PBXSourcesBuildPhase section */

/* Begin PBXTargetDependency section */
		297B4E011E589AFE00BAF990 /* PBXTargetDependency */ = {
			isa = PBXTargetDependency;
			target = 297B4DF41E589AFE00BAF990 /* CleverPush-Dynamic */;
			targetProxy = 297B4E001E589AFE00BAF990 /* PBXContainerItemProxy */;
		};
		29C1BAEB1E58B5FB00815CD6 /* PBXTargetDependency */ = {
			isa = PBXTargetDependency;
			target = 297B4DF41E589AFE00BAF990 /* CleverPush-Dynamic */;
			targetProxy = 29C1BAEA1E58B5FB00815CD6 /* PBXContainerItemProxy */;
		};
/* End PBXTargetDependency section */

/* Begin XCBuildConfiguration section */
		297B4E071E589AFE00BAF990 /* Debug */ = {
			isa = XCBuildConfiguration;
			buildSettings = {
				ALWAYS_SEARCH_USER_PATHS = NO;
				CLANG_ANALYZER_NONNULL = YES;
				CLANG_CXX_LANGUAGE_STANDARD = "gnu++0x";
				CLANG_CXX_LIBRARY = "libc++";
				CLANG_ENABLE_MODULES = YES;
				CLANG_ENABLE_OBJC_ARC = YES;
				CLANG_WARN_BOOL_CONVERSION = YES;
				CLANG_WARN_CONSTANT_CONVERSION = YES;
				CLANG_WARN_DIRECT_OBJC_ISA_USAGE = YES_ERROR;
				CLANG_WARN_DOCUMENTATION_COMMENTS = YES;
				CLANG_WARN_EMPTY_BODY = YES;
				CLANG_WARN_ENUM_CONVERSION = YES;
				CLANG_WARN_INFINITE_RECURSION = YES;
				CLANG_WARN_INT_CONVERSION = YES;
				CLANG_WARN_OBJC_ROOT_CLASS = YES_ERROR;
				CLANG_WARN_SUSPICIOUS_MOVES = YES;
				CLANG_WARN_UNREACHABLE_CODE = YES;
				CLANG_WARN__DUPLICATE_METHOD_MATCH = YES;
				"CODE_SIGN_IDENTITY[sdk=iphoneos*]" = "iPhone Developer";
				COPY_PHASE_STRIP = NO;
				CURRENT_PROJECT_VERSION = 1;
				DEBUG_INFORMATION_FORMAT = dwarf;
				ENABLE_STRICT_OBJC_MSGSEND = YES;
				ENABLE_TESTABILITY = YES;
				GCC_C_LANGUAGE_STANDARD = gnu99;
				GCC_DYNAMIC_NO_PIC = NO;
				GCC_NO_COMMON_BLOCKS = YES;
				GCC_OPTIMIZATION_LEVEL = 0;
				GCC_PREPROCESSOR_DEFINITIONS = (
					"DEBUG=1",
					"$(inherited)",
				);
				GCC_WARN_64_TO_32_BIT_CONVERSION = YES;
				GCC_WARN_ABOUT_RETURN_TYPE = YES_ERROR;
				GCC_WARN_UNDECLARED_SELECTOR = YES;
				GCC_WARN_UNINITIALIZED_AUTOS = YES_AGGRESSIVE;
				GCC_WARN_UNUSED_FUNCTION = YES;
				GCC_WARN_UNUSED_VARIABLE = YES;
				IPHONEOS_DEPLOYMENT_TARGET = 10.1;
				MTL_ENABLE_DEBUG_INFO = YES;
				ONLY_ACTIVE_ARCH = YES;
				SDKROOT = iphoneos;
				SWIFT_ACTIVE_COMPILATION_CONDITIONS = DEBUG;
				SWIFT_OPTIMIZATION_LEVEL = "-Onone";
				TARGETED_DEVICE_FAMILY = "1,2";
				VERSIONING_SYSTEM = "apple-generic";
				VERSION_INFO_PREFIX = "";
			};
			name = Debug;
		};
		297B4E081E589AFE00BAF990 /* Release */ = {
			isa = XCBuildConfiguration;
			buildSettings = {
				ALWAYS_SEARCH_USER_PATHS = NO;
				CLANG_ANALYZER_NONNULL = YES;
				CLANG_CXX_LANGUAGE_STANDARD = "gnu++0x";
				CLANG_CXX_LIBRARY = "libc++";
				CLANG_ENABLE_MODULES = YES;
				CLANG_ENABLE_OBJC_ARC = YES;
				CLANG_WARN_BOOL_CONVERSION = YES;
				CLANG_WARN_CONSTANT_CONVERSION = YES;
				CLANG_WARN_DIRECT_OBJC_ISA_USAGE = YES_ERROR;
				CLANG_WARN_DOCUMENTATION_COMMENTS = YES;
				CLANG_WARN_EMPTY_BODY = YES;
				CLANG_WARN_ENUM_CONVERSION = YES;
				CLANG_WARN_INFINITE_RECURSION = YES;
				CLANG_WARN_INT_CONVERSION = YES;
				CLANG_WARN_OBJC_ROOT_CLASS = YES_ERROR;
				CLANG_WARN_SUSPICIOUS_MOVES = YES;
				CLANG_WARN_UNREACHABLE_CODE = YES;
				CLANG_WARN__DUPLICATE_METHOD_MATCH = YES;
				"CODE_SIGN_IDENTITY[sdk=iphoneos*]" = "iPhone Developer";
				COPY_PHASE_STRIP = NO;
				CURRENT_PROJECT_VERSION = 1;
				DEBUG_INFORMATION_FORMAT = "dwarf-with-dsym";
				ENABLE_NS_ASSERTIONS = NO;
				ENABLE_STRICT_OBJC_MSGSEND = YES;
				GCC_C_LANGUAGE_STANDARD = gnu99;
				GCC_NO_COMMON_BLOCKS = YES;
				GCC_WARN_64_TO_32_BIT_CONVERSION = YES;
				GCC_WARN_ABOUT_RETURN_TYPE = YES_ERROR;
				GCC_WARN_UNDECLARED_SELECTOR = YES;
				GCC_WARN_UNINITIALIZED_AUTOS = YES_AGGRESSIVE;
				GCC_WARN_UNUSED_FUNCTION = YES;
				GCC_WARN_UNUSED_VARIABLE = YES;
				IPHONEOS_DEPLOYMENT_TARGET = 10.1;
				MTL_ENABLE_DEBUG_INFO = NO;
				SDKROOT = iphoneos;
				SWIFT_OPTIMIZATION_LEVEL = "-Owholemodule";
				TARGETED_DEVICE_FAMILY = "1,2";
				VALIDATE_PRODUCT = YES;
				VERSIONING_SYSTEM = "apple-generic";
				VERSION_INFO_PREFIX = "";
			};
			name = Release;
		};
		297B4E0A1E589AFE00BAF990 /* Debug */ = {
			isa = XCBuildConfiguration;
			buildSettings = {
				ARCHS = "$(ARCHS_STANDARD)";
				CODE_SIGN_IDENTITY = "iPhone Developer";
				DEFINES_MODULE = YES;
				DEVELOPMENT_TEAM = KWJDGZUQ72;
				DYLIB_COMPATIBILITY_VERSION = 1;
				DYLIB_CURRENT_VERSION = 1;
				DYLIB_INSTALL_NAME_BASE = "@rpath";
				INFOPLIST_FILE = "$(SRCROOT)/CleverPush-Dynamic/Info.plist";
				INSTALL_PATH = "$(LOCAL_LIBRARY_DIR)/Frameworks";
				IPHONEOS_DEPLOYMENT_TARGET = 8.0;
				LD_RUNPATH_SEARCH_PATHS = "$(inherited) @executable_path/Frameworks @loader_path/Frameworks";
				ONLY_ACTIVE_ARCH = NO;
				PRODUCT_BUNDLE_IDENTIFIER = "com.cleverpush.cleverpush-ios-sdk";
				PRODUCT_NAME = CleverPush;
				SKIP_INSTALL = YES;
				SWIFT_VERSION = 3.0;
				VALID_ARCHS = "arm64 armv7 armv7s i386 x86_64";
			};
			name = Debug;
		};
		297B4E0B1E589AFE00BAF990 /* Release */ = {
			isa = XCBuildConfiguration;
			buildSettings = {
				ARCHS = "$(ARCHS_STANDARD)";
				CODE_SIGN_IDENTITY = "";
				DEFINES_MODULE = YES;
				DEVELOPMENT_TEAM = KWJDGZUQ72;
				DYLIB_COMPATIBILITY_VERSION = 1;
				DYLIB_CURRENT_VERSION = 1;
				DYLIB_INSTALL_NAME_BASE = "@rpath";
				INFOPLIST_FILE = "$(SRCROOT)/CleverPush-Dynamic/Info.plist";
				INSTALL_PATH = "$(LOCAL_LIBRARY_DIR)/Frameworks";
				IPHONEOS_DEPLOYMENT_TARGET = 8.0;
				LD_RUNPATH_SEARCH_PATHS = "$(inherited) @executable_path/Frameworks @loader_path/Frameworks";
				ONLY_ACTIVE_ARCH = NO;
				PRODUCT_BUNDLE_IDENTIFIER = "com.cleverpush.cleverpush-ios-sdk";
				PRODUCT_NAME = CleverPush;
				SKIP_INSTALL = YES;
				SWIFT_VERSION = 3.0;
				VALID_ARCHS = "arm64 armv7 armv7s i386 x86_64";
			};
			name = Release;
		};
		297B4E0D1E589AFE00BAF990 /* Debug */ = {
			isa = XCBuildConfiguration;
			buildSettings = {
				DEVELOPMENT_TEAM = U3N7KV9R44;
				INFOPLIST_FILE = "CleverPush iOS SDKTests/Info.plist";
				LD_RUNPATH_SEARCH_PATHS = "$(inherited) @executable_path/Frameworks @loader_path/Frameworks";
				PRODUCT_BUNDLE_IDENTIFIER = "com.cleverpush.CleverPush-iOS-SDKTests";
				PRODUCT_NAME = "$(TARGET_NAME)";
				SWIFT_VERSION = 3.0;
			};
			name = Debug;
		};
		297B4E0E1E589AFE00BAF990 /* Release */ = {
			isa = XCBuildConfiguration;
			buildSettings = {
				DEVELOPMENT_TEAM = U3N7KV9R44;
				INFOPLIST_FILE = "CleverPush iOS SDKTests/Info.plist";
				LD_RUNPATH_SEARCH_PATHS = "$(inherited) @executable_path/Frameworks @loader_path/Frameworks";
				PRODUCT_BUNDLE_IDENTIFIER = "com.cleverpush.CleverPush-iOS-SDKTests";
				PRODUCT_NAME = "$(TARGET_NAME)";
				SWIFT_VERSION = 3.0;
			};
			name = Release;
		};
		29C1BAE81E58B5EB00815CD6 /* Debug */ = {
			isa = XCBuildConfiguration;
			buildSettings = {
				DEVELOPMENT_TEAM = U3N7KV9R44;
				OTHER_LDFLAGS = "-ObjC";
				PRODUCT_NAME = "$(TARGET_NAME)";
				SKIP_INSTALL = YES;
			};
			name = Debug;
		};
		29C1BAE91E58B5EB00815CD6 /* Release */ = {
			isa = XCBuildConfiguration;
			buildSettings = {
				DEVELOPMENT_TEAM = U3N7KV9R44;
				OTHER_LDFLAGS = "-ObjC";
				PRODUCT_NAME = "$(TARGET_NAME)";
				SKIP_INSTALL = YES;
			};
			name = Release;
		};
/* End XCBuildConfiguration section */

/* Begin XCConfigurationList section */
		297B4DEF1E589AFE00BAF990 /* Build configuration list for PBXProject "CleverPush" */ = {
			isa = XCConfigurationList;
			buildConfigurations = (
				297B4E071E589AFE00BAF990 /* Debug */,
				297B4E081E589AFE00BAF990 /* Release */,
			);
			defaultConfigurationIsVisible = 0;
			defaultConfigurationName = Release;
		};
		297B4E091E589AFE00BAF990 /* Build configuration list for PBXNativeTarget "CleverPush-Dynamic" */ = {
			isa = XCConfigurationList;
			buildConfigurations = (
				297B4E0A1E589AFE00BAF990 /* Debug */,
				297B4E0B1E589AFE00BAF990 /* Release */,
			);
			defaultConfigurationIsVisible = 0;
			defaultConfigurationName = Release;
		};
		297B4E0C1E589AFE00BAF990 /* Build configuration list for PBXNativeTarget "CleverPushTests" */ = {
			isa = XCConfigurationList;
			buildConfigurations = (
				297B4E0D1E589AFE00BAF990 /* Debug */,
				297B4E0E1E589AFE00BAF990 /* Release */,
			);
			defaultConfigurationIsVisible = 0;
			defaultConfigurationName = Release;
		};
		29C1BAE71E58B5EB00815CD6 /* Build configuration list for PBXNativeTarget "CleverPush" */ = {
			isa = XCConfigurationList;
			buildConfigurations = (
				29C1BAE81E58B5EB00815CD6 /* Debug */,
				29C1BAE91E58B5EB00815CD6 /* Release */,
			);
			defaultConfigurationIsVisible = 0;
			defaultConfigurationName = Release;
		};
/* End XCConfigurationList section */
	};
	rootObject = 297B4DEC1E589AFE00BAF990 /* Project object */;
}
