// !$*UTF8*$!
{
	archiveVersion = 1;
	classes = {
	};
	objectVersion = 56;
	objects = {

/* Begin PBXBuildFile section */
		2917E92C28E9F76A00CF6458 /* JavaScriptCore.framework in Frameworks */ = {isa = PBXBuildFile; fileRef = 93A9906428D35E7000F990A4 /* JavaScriptCore.framework */; };
		2917E92D28E9F77600CF6458 /* SafariServices.framework in Frameworks */ = {isa = PBXBuildFile; fileRef = 93A9906628D35E7600F990A4 /* SafariServices.framework */; };
		2917E92E28E9F77C00CF6458 /* SystemConfiguration.framework in Frameworks */ = {isa = PBXBuildFile; fileRef = 93A9905628D35E4000F990A4 /* SystemConfiguration.framework */; };
		2917E92F28E9F78000CF6458 /* UIKit.framework in Frameworks */ = {isa = PBXBuildFile; fileRef = 93A9905C28D35E5000F990A4 /* UIKit.framework */; };
		2917E93028E9F78400CF6458 /* UserNotifications.framework in Frameworks */ = {isa = PBXBuildFile; fileRef = 93A9905E28D35E5600F990A4 /* UserNotifications.framework */; };
		2917E93128E9F78700CF6458 /* StoreKit.framework in Frameworks */ = {isa = PBXBuildFile; fileRef = 93A9906028D35E6400F990A4 /* StoreKit.framework */; };
		2917E93228E9F78B00CF6458 /* WebKit.framework in Frameworks */ = {isa = PBXBuildFile; fileRef = 93A9906228D35E6A00F990A4 /* WebKit.framework */; };
		2917E93928E9F9FD00CF6458 /* CleverPush.framework in Frameworks */ = {isa = PBXBuildFile; fileRef = 93A9905828D35E4300F990A4 /* CleverPush.framework */; };
		2917E93A28E9F9FD00CF6458 /* CleverPush.framework in Embed Frameworks */ = {isa = PBXBuildFile; fileRef = 93A9905828D35E4300F990A4 /* CleverPush.framework */; settings = {ATTRIBUTES = (CodeSignOnCopy, RemoveHeadersOnCopy, ); }; };
		2917E94328E9FB6C00CF6458 /* CleverPush.framework in Frameworks */ = {isa = PBXBuildFile; fileRef = 93A9905828D35E4300F990A4 /* CleverPush.framework */; };
		2917E94428E9FB6C00CF6458 /* CleverPush.framework in Embed Frameworks */ = {isa = PBXBuildFile; fileRef = 93A9905828D35E4300F990A4 /* CleverPush.framework */; settings = {ATTRIBUTES = (CodeSignOnCopy, RemoveHeadersOnCopy, ); }; };
		93A9902628D35ACB00F990A4 /* AppDelegate.m in Sources */ = {isa = PBXBuildFile; fileRef = 93A9902528D35ACB00F990A4 /* AppDelegate.m */; };
		93A9902C28D35ACB00F990A4 /* ViewController.m in Sources */ = {isa = PBXBuildFile; fileRef = 93A9902B28D35ACB00F990A4 /* ViewController.m */; };
		93A9902F28D35ACB00F990A4 /* Main.storyboard in Resources */ = {isa = PBXBuildFile; fileRef = 93A9902D28D35ACB00F990A4 /* Main.storyboard */; };
		93A9903128D35ACD00F990A4 /* Assets.xcassets in Resources */ = {isa = PBXBuildFile; fileRef = 93A9903028D35ACD00F990A4 /* Assets.xcassets */; };
		93A9903428D35ACD00F990A4 /* LaunchScreen.storyboard in Resources */ = {isa = PBXBuildFile; fileRef = 93A9903228D35ACD00F990A4 /* LaunchScreen.storyboard */; };
		93A9903728D35ACD00F990A4 /* main.m in Sources */ = {isa = PBXBuildFile; fileRef = 93A9903628D35ACD00F990A4 /* main.m */; };
		93A9904C28D35DF700F990A4 /* NotificationService.m in Sources */ = {isa = PBXBuildFile; fileRef = 93A9904B28D35DF700F990A4 /* NotificationService.m */; };
		93A9905028D35DF700F990A4 /* CleverPushNotificationServiceExtension.appex in Embed Foundation Extensions */ = {isa = PBXBuildFile; fileRef = 93A9904828D35DF700F990A4 /* CleverPushNotificationServiceExtension.appex */; settings = {ATTRIBUTES = (RemoveHeadersOnCopy, ); }; };
		93A9905728D35E4000F990A4 /* SystemConfiguration.framework in Frameworks */ = {isa = PBXBuildFile; fileRef = 93A9905628D35E4000F990A4 /* SystemConfiguration.framework */; };
		93A9905D28D35E5000F990A4 /* UIKit.framework in Frameworks */ = {isa = PBXBuildFile; fileRef = 93A9905C28D35E5000F990A4 /* UIKit.framework */; };
		93A9905F28D35E5600F990A4 /* UserNotifications.framework in Frameworks */ = {isa = PBXBuildFile; fileRef = 93A9905E28D35E5600F990A4 /* UserNotifications.framework */; };
		93A9906128D35E6400F990A4 /* StoreKit.framework in Frameworks */ = {isa = PBXBuildFile; fileRef = 93A9906028D35E6400F990A4 /* StoreKit.framework */; };
		93A9906328D35E6A00F990A4 /* WebKit.framework in Frameworks */ = {isa = PBXBuildFile; fileRef = 93A9906228D35E6A00F990A4 /* WebKit.framework */; };
		93A9906528D35E7000F990A4 /* JavaScriptCore.framework in Frameworks */ = {isa = PBXBuildFile; fileRef = 93A9906428D35E7000F990A4 /* JavaScriptCore.framework */; };
		93A9906728D35E7600F990A4 /* SafariServices.framework in Frameworks */ = {isa = PBXBuildFile; fileRef = 93A9906628D35E7600F990A4 /* SafariServices.framework */; };
		93AEEB85293A2B3700A137F5 /* WidgetKit.framework in Frameworks */ = {isa = PBXBuildFile; fileRef = 93AEEB84293A2B3700A137F5 /* WidgetKit.framework */; };
		93AEEB87293A2B3700A137F5 /* SwiftUI.framework in Frameworks */ = {isa = PBXBuildFile; fileRef = 93AEEB86293A2B3700A137F5 /* SwiftUI.framework */; };
		93AEEB8A293A2B3700A137F5 /* CleverPushWidgetExtensionBundle.swift in Sources */ = {isa = PBXBuildFile; fileRef = 93AEEB89293A2B3700A137F5 /* CleverPushWidgetExtensionBundle.swift */; };
		93AEEB8C293A2B3700A137F5 /* CleverPushWidgetExtensionLiveActivity.swift in Sources */ = {isa = PBXBuildFile; fileRef = 93AEEB8B293A2B3700A137F5 /* CleverPushWidgetExtensionLiveActivity.swift */; };
		93AEEB91293A2B3800A137F5 /* Assets.xcassets in Resources */ = {isa = PBXBuildFile; fileRef = 93AEEB90293A2B3800A137F5 /* Assets.xcassets */; };
		93AEEB93293A2B3800A137F5 /* CleverPushWidgetExtension.intentdefinition in Sources */ = {isa = PBXBuildFile; fileRef = 93AEEB8F293A2B3700A137F5 /* CleverPushWidgetExtension.intentdefinition */; };
		93AEEB94293A2B3800A137F5 /* CleverPushWidgetExtension.intentdefinition in Sources */ = {isa = PBXBuildFile; fileRef = 93AEEB8F293A2B3700A137F5 /* CleverPushWidgetExtension.intentdefinition */; };
		93AEEB97293A2B3800A137F5 /* CleverPushWidgetExtensionExtension.appex in Embed Foundation Extensions */ = {isa = PBXBuildFile; fileRef = 93AEEB83293A2B3700A137F5 /* CleverPushWidgetExtensionExtension.appex */; settings = {ATTRIBUTES = (RemoveHeadersOnCopy, ); }; };
		93AEEBA1293A323900A137F5 /* CPLiveActivityVC.swift in Sources */ = {isa = PBXBuildFile; fileRef = 93AEEBA0293A323900A137F5 /* CPLiveActivityVC.swift */; };
		93AEEBA2293A323900A137F5 /* CPLiveActivityVC.swift in Sources */ = {isa = PBXBuildFile; fileRef = 93AEEBA0293A323900A137F5 /* CPLiveActivityVC.swift */; };
/* End PBXBuildFile section */

/* Begin PBXContainerItemProxy section */
		93A9904E28D35DF700F990A4 /* PBXContainerItemProxy */ = {
			isa = PBXContainerItemProxy;
			containerPortal = 93A9901928D35ACB00F990A4 /* Project object */;
			proxyType = 1;
			remoteGlobalIDString = 93A9904728D35DF700F990A4;
			remoteInfo = CleverPushNotificationServiceExtension;
		};
		93AEEB95293A2B3800A137F5 /* PBXContainerItemProxy */ = {
			isa = PBXContainerItemProxy;
			containerPortal = 93A9901928D35ACB00F990A4 /* Project object */;
			proxyType = 1;
			remoteGlobalIDString = 93AEEB82293A2B3700A137F5;
			remoteInfo = CleverPushWidgetExtensionExtension;
		};
/* End PBXContainerItemProxy section */

/* Begin PBXCopyFilesBuildPhase section */
		2917E93B28E9F9FD00CF6458 /* Embed Frameworks */ = {
			isa = PBXCopyFilesBuildPhase;
			buildActionMask = 2147483647;
			dstPath = "";
			dstSubfolderSpec = 10;
			files = (
				2917E93A28E9F9FD00CF6458 /* CleverPush.framework in Embed Frameworks */,
			);
			name = "Embed Frameworks";
			runOnlyForDeploymentPostprocessing = 0;
		};
		2917E94528E9FB6C00CF6458 /* Embed Frameworks */ = {
			isa = PBXCopyFilesBuildPhase;
			buildActionMask = 2147483647;
			dstPath = "";
			dstSubfolderSpec = 10;
			files = (
				2917E94428E9FB6C00CF6458 /* CleverPush.framework in Embed Frameworks */,
			);
			name = "Embed Frameworks";
			runOnlyForDeploymentPostprocessing = 0;
		};
		93A9905428D35DF700F990A4 /* Embed Foundation Extensions */ = {
			isa = PBXCopyFilesBuildPhase;
			buildActionMask = 2147483647;
			dstPath = "";
			dstSubfolderSpec = 13;
			files = (
				93A9905028D35DF700F990A4 /* CleverPushNotificationServiceExtension.appex in Embed Foundation Extensions */,
				93AEEB97293A2B3800A137F5 /* CleverPushWidgetExtensionExtension.appex in Embed Foundation Extensions */,
			);
			name = "Embed Foundation Extensions";
			runOnlyForDeploymentPostprocessing = 0;
		};
/* End PBXCopyFilesBuildPhase section */

/* Begin PBXFileReference section */
		2917E93F28E9FB2F00CF6458 /* CleverPush.framework */ = {isa = PBXFileReference; lastKnownFileType = wrapper.framework; name = CleverPush.framework; path = "../Frameworks/CleverPush.xcframework/ios-arm64/CleverPush.framework"; sourceTree = "<group>"; };
		93A9902128D35ACB00F990A4 /* CleverPushExample.app */ = {isa = PBXFileReference; explicitFileType = wrapper.application; includeInIndex = 0; path = CleverPushExample.app; sourceTree = BUILT_PRODUCTS_DIR; };
		93A9902428D35ACB00F990A4 /* AppDelegate.h */ = {isa = PBXFileReference; lastKnownFileType = sourcecode.c.h; path = AppDelegate.h; sourceTree = "<group>"; };
		93A9902528D35ACB00F990A4 /* AppDelegate.m */ = {isa = PBXFileReference; lastKnownFileType = sourcecode.c.objc; path = AppDelegate.m; sourceTree = "<group>"; };
		93A9902A28D35ACB00F990A4 /* ViewController.h */ = {isa = PBXFileReference; lastKnownFileType = sourcecode.c.h; path = ViewController.h; sourceTree = "<group>"; };
		93A9902B28D35ACB00F990A4 /* ViewController.m */ = {isa = PBXFileReference; lastKnownFileType = sourcecode.c.objc; path = ViewController.m; sourceTree = "<group>"; };
		93A9902E28D35ACB00F990A4 /* Base */ = {isa = PBXFileReference; lastKnownFileType = file.storyboard; name = Base; path = Base.lproj/Main.storyboard; sourceTree = "<group>"; };
		93A9903028D35ACD00F990A4 /* Assets.xcassets */ = {isa = PBXFileReference; lastKnownFileType = folder.assetcatalog; path = Assets.xcassets; sourceTree = "<group>"; };
		93A9903328D35ACD00F990A4 /* Base */ = {isa = PBXFileReference; lastKnownFileType = file.storyboard; name = Base; path = Base.lproj/LaunchScreen.storyboard; sourceTree = "<group>"; };
		93A9903528D35ACD00F990A4 /* Info.plist */ = {isa = PBXFileReference; lastKnownFileType = text.plist.xml; path = Info.plist; sourceTree = "<group>"; };
		93A9903628D35ACD00F990A4 /* main.m */ = {isa = PBXFileReference; lastKnownFileType = sourcecode.c.objc; path = main.m; sourceTree = "<group>"; };
		93A9904328D35DD500F990A4 /* CleverPushExample.entitlements */ = {isa = PBXFileReference; lastKnownFileType = text.plist.entitlements; path = CleverPushExample.entitlements; sourceTree = "<group>"; };
		93A9904828D35DF700F990A4 /* CleverPushNotificationServiceExtension.appex */ = {isa = PBXFileReference; explicitFileType = "wrapper.app-extension"; includeInIndex = 0; path = CleverPushNotificationServiceExtension.appex; sourceTree = BUILT_PRODUCTS_DIR; };
		93A9904A28D35DF700F990A4 /* NotificationService.h */ = {isa = PBXFileReference; lastKnownFileType = sourcecode.c.h; path = NotificationService.h; sourceTree = "<group>"; };
		93A9904B28D35DF700F990A4 /* NotificationService.m */ = {isa = PBXFileReference; lastKnownFileType = sourcecode.c.objc; path = NotificationService.m; sourceTree = "<group>"; };
		93A9904D28D35DF700F990A4 /* Info.plist */ = {isa = PBXFileReference; lastKnownFileType = text.plist.xml; path = Info.plist; sourceTree = "<group>"; };
		93A9905628D35E4000F990A4 /* SystemConfiguration.framework */ = {isa = PBXFileReference; lastKnownFileType = wrapper.framework; name = SystemConfiguration.framework; path = System/Library/Frameworks/SystemConfiguration.framework; sourceTree = SDKROOT; };
		93A9905828D35E4300F990A4 /* CleverPush.framework */ = {isa = PBXFileReference; explicitFileType = wrapper.framework; path = CleverPush.framework; sourceTree = BUILT_PRODUCTS_DIR; };
		93A9905C28D35E5000F990A4 /* UIKit.framework */ = {isa = PBXFileReference; lastKnownFileType = wrapper.framework; name = UIKit.framework; path = System/Library/Frameworks/UIKit.framework; sourceTree = SDKROOT; };
		93A9905E28D35E5600F990A4 /* UserNotifications.framework */ = {isa = PBXFileReference; lastKnownFileType = wrapper.framework; name = UserNotifications.framework; path = System/Library/Frameworks/UserNotifications.framework; sourceTree = SDKROOT; };
		93A9906028D35E6400F990A4 /* StoreKit.framework */ = {isa = PBXFileReference; lastKnownFileType = wrapper.framework; name = StoreKit.framework; path = System/Library/Frameworks/StoreKit.framework; sourceTree = SDKROOT; };
		93A9906228D35E6A00F990A4 /* WebKit.framework */ = {isa = PBXFileReference; lastKnownFileType = wrapper.framework; name = WebKit.framework; path = System/Library/Frameworks/WebKit.framework; sourceTree = SDKROOT; };
		93A9906428D35E7000F990A4 /* JavaScriptCore.framework */ = {isa = PBXFileReference; lastKnownFileType = wrapper.framework; name = JavaScriptCore.framework; path = System/Library/Frameworks/JavaScriptCore.framework; sourceTree = SDKROOT; };
		93A9906628D35E7600F990A4 /* SafariServices.framework */ = {isa = PBXFileReference; lastKnownFileType = wrapper.framework; name = SafariServices.framework; path = System/Library/Frameworks/SafariServices.framework; sourceTree = SDKROOT; };
		93AEEB83293A2B3700A137F5 /* CleverPushWidgetExtensionExtension.appex */ = {isa = PBXFileReference; explicitFileType = "wrapper.app-extension"; includeInIndex = 0; path = CleverPushWidgetExtensionExtension.appex; sourceTree = BUILT_PRODUCTS_DIR; };
		93AEEB84293A2B3700A137F5 /* WidgetKit.framework */ = {isa = PBXFileReference; lastKnownFileType = wrapper.framework; name = WidgetKit.framework; path = System/Library/Frameworks/WidgetKit.framework; sourceTree = SDKROOT; };
		93AEEB86293A2B3700A137F5 /* SwiftUI.framework */ = {isa = PBXFileReference; lastKnownFileType = wrapper.framework; name = SwiftUI.framework; path = System/Library/Frameworks/SwiftUI.framework; sourceTree = SDKROOT; };
		93AEEB89293A2B3700A137F5 /* CleverPushWidgetExtensionBundle.swift */ = {isa = PBXFileReference; lastKnownFileType = sourcecode.swift; path = CleverPushWidgetExtensionBundle.swift; sourceTree = "<group>"; };
		93AEEB8B293A2B3700A137F5 /* CleverPushWidgetExtensionLiveActivity.swift */ = {isa = PBXFileReference; lastKnownFileType = sourcecode.swift; path = CleverPushWidgetExtensionLiveActivity.swift; sourceTree = "<group>"; };
		93AEEB8F293A2B3700A137F5 /* CleverPushWidgetExtension.intentdefinition */ = {isa = PBXFileReference; lastKnownFileType = file.intentdefinition; path = CleverPushWidgetExtension.intentdefinition; sourceTree = "<group>"; };
		93AEEB90293A2B3800A137F5 /* Assets.xcassets */ = {isa = PBXFileReference; lastKnownFileType = folder.assetcatalog; path = Assets.xcassets; sourceTree = "<group>"; };
		93AEEB92293A2B3800A137F5 /* Info.plist */ = {isa = PBXFileReference; lastKnownFileType = text.plist.xml; path = Info.plist; sourceTree = "<group>"; };
		93AEEBA0293A323900A137F5 /* CPLiveActivityVC.swift */ = {isa = PBXFileReference; fileEncoding = 4; lastKnownFileType = sourcecode.swift; path = CPLiveActivityVC.swift; sourceTree = "<group>"; };
		93AEEBA3293A325900A137F5 /* CleverPushExample-Bridging-Header.h */ = {isa = PBXFileReference; fileEncoding = 4; lastKnownFileType = sourcecode.c.h; path = "CleverPushExample-Bridging-Header.h"; sourceTree = "<group>"; };
		93AEEBA4293A371900A137F5 /* CleverPushWidgetExtensionExtension.entitlements */ = {isa = PBXFileReference; lastKnownFileType = text.plist.entitlements; path = CleverPushWidgetExtensionExtension.entitlements; sourceTree = "<group>"; };
/* End PBXFileReference section */

/* Begin PBXFrameworksBuildPhase section */
		93A9901E28D35ACB00F990A4 /* Frameworks */ = {
			isa = PBXFrameworksBuildPhase;
			buildActionMask = 2147483647;
			files = (
				93A9905F28D35E5600F990A4 /* UserNotifications.framework in Frameworks */,
				2917E93928E9F9FD00CF6458 /* CleverPush.framework in Frameworks */,
				93A9905728D35E4000F990A4 /* SystemConfiguration.framework in Frameworks */,
				93A9906328D35E6A00F990A4 /* WebKit.framework in Frameworks */,
				93A9906128D35E6400F990A4 /* StoreKit.framework in Frameworks */,
				93A9905D28D35E5000F990A4 /* UIKit.framework in Frameworks */,
				93A9906728D35E7600F990A4 /* SafariServices.framework in Frameworks */,
				93A9906528D35E7000F990A4 /* JavaScriptCore.framework in Frameworks */,
			);
			runOnlyForDeploymentPostprocessing = 0;
		};
		93A9904528D35DF700F990A4 /* Frameworks */ = {
			isa = PBXFrameworksBuildPhase;
			buildActionMask = 2147483647;
			files = (
				2917E92C28E9F76A00CF6458 /* JavaScriptCore.framework in Frameworks */,
				2917E94328E9FB6C00CF6458 /* CleverPush.framework in Frameworks */,
				2917E93128E9F78700CF6458 /* StoreKit.framework in Frameworks */,
				2917E93228E9F78B00CF6458 /* WebKit.framework in Frameworks */,
				2917E93028E9F78400CF6458 /* UserNotifications.framework in Frameworks */,
				2917E92E28E9F77C00CF6458 /* SystemConfiguration.framework in Frameworks */,
				2917E92D28E9F77600CF6458 /* SafariServices.framework in Frameworks */,
				2917E92F28E9F78000CF6458 /* UIKit.framework in Frameworks */,
			);
			runOnlyForDeploymentPostprocessing = 0;
		};
		93AEEB80293A2B3700A137F5 /* Frameworks */ = {
			isa = PBXFrameworksBuildPhase;
			buildActionMask = 2147483647;
			files = (
				93AEEB87293A2B3700A137F5 /* SwiftUI.framework in Frameworks */,
				93AEEB85293A2B3700A137F5 /* WidgetKit.framework in Frameworks */,
			);
			runOnlyForDeploymentPostprocessing = 0;
		};
/* End PBXFrameworksBuildPhase section */

/* Begin PBXGroup section */
		93A9901828D35ACB00F990A4 = {
			isa = PBXGroup;
			children = (
				93AEEBA4293A371900A137F5 /* CleverPushWidgetExtensionExtension.entitlements */,
				93A9902328D35ACB00F990A4 /* CleverPushExample */,
				93A9904928D35DF700F990A4 /* CleverPushNotificationServiceExtension */,
				93AEEB88293A2B3700A137F5 /* CleverPushWidgetExtension */,
				93A9902228D35ACB00F990A4 /* Products */,
				93A9905528D35E4000F990A4 /* Frameworks */,
			);
			sourceTree = "<group>";
		};
		93A9902228D35ACB00F990A4 /* Products */ = {
			isa = PBXGroup;
			children = (
				93A9902128D35ACB00F990A4 /* CleverPushExample.app */,
				93A9904828D35DF700F990A4 /* CleverPushNotificationServiceExtension.appex */,
				93AEEB83293A2B3700A137F5 /* CleverPushWidgetExtensionExtension.appex */,
			);
			name = Products;
			sourceTree = "<group>";
		};
		93A9902328D35ACB00F990A4 /* CleverPushExample */ = {
			isa = PBXGroup;
			children = (
				93A9904328D35DD500F990A4 /* CleverPushExample.entitlements */,
				93A9902428D35ACB00F990A4 /* AppDelegate.h */,
				93A9902528D35ACB00F990A4 /* AppDelegate.m */,
				93A9902A28D35ACB00F990A4 /* ViewController.h */,
				93A9902B28D35ACB00F990A4 /* ViewController.m */,
				93A9902D28D35ACB00F990A4 /* Main.storyboard */,
				93A9903028D35ACD00F990A4 /* Assets.xcassets */,
				93A9903228D35ACD00F990A4 /* LaunchScreen.storyboard */,
				93A9903528D35ACD00F990A4 /* Info.plist */,
				93A9903628D35ACD00F990A4 /* main.m */,
				93AEEBA0293A323900A137F5 /* CPLiveActivityVC.swift */,
				93AEEBA3293A325900A137F5 /* CleverPushExample-Bridging-Header.h */,
			);
			path = CleverPushExample;
			sourceTree = "<group>";
		};
		93A9904928D35DF700F990A4 /* CleverPushNotificationServiceExtension */ = {
			isa = PBXGroup;
			children = (
				93A9904A28D35DF700F990A4 /* NotificationService.h */,
				93A9904B28D35DF700F990A4 /* NotificationService.m */,
				93A9904D28D35DF700F990A4 /* Info.plist */,
			);
			path = CleverPushNotificationServiceExtension;
			sourceTree = "<group>";
		};
		93A9905528D35E4000F990A4 /* Frameworks */ = {
			isa = PBXGroup;
			children = (
				2917E93F28E9FB2F00CF6458 /* CleverPush.framework */,
				93A9906628D35E7600F990A4 /* SafariServices.framework */,
				93A9906428D35E7000F990A4 /* JavaScriptCore.framework */,
				93A9906228D35E6A00F990A4 /* WebKit.framework */,
				93A9906028D35E6400F990A4 /* StoreKit.framework */,
				93A9905E28D35E5600F990A4 /* UserNotifications.framework */,
				93A9905C28D35E5000F990A4 /* UIKit.framework */,
				93A9905828D35E4300F990A4 /* CleverPush.framework */,
				93A9905628D35E4000F990A4 /* SystemConfiguration.framework */,
				93AEEB84293A2B3700A137F5 /* WidgetKit.framework */,
				93AEEB86293A2B3700A137F5 /* SwiftUI.framework */,
			);
			name = Frameworks;
			sourceTree = "<group>";
		};
		93AEEB88293A2B3700A137F5 /* CleverPushWidgetExtension */ = {
			isa = PBXGroup;
			children = (
				93AEEB89293A2B3700A137F5 /* CleverPushWidgetExtensionBundle.swift */,
				93AEEB8B293A2B3700A137F5 /* CleverPushWidgetExtensionLiveActivity.swift */,
				93AEEB8F293A2B3700A137F5 /* CleverPushWidgetExtension.intentdefinition */,
				93AEEB90293A2B3800A137F5 /* Assets.xcassets */,
				93AEEB92293A2B3800A137F5 /* Info.plist */,
			);
			path = CleverPushWidgetExtension;
			sourceTree = "<group>";
		};
/* End PBXGroup section */

/* Begin PBXNativeTarget section */
		93A9902028D35ACB00F990A4 /* CleverPushExample */ = {
			isa = PBXNativeTarget;
			buildConfigurationList = 93A9903A28D35ACD00F990A4 /* Build configuration list for PBXNativeTarget "CleverPushExample" */;
			buildPhases = (
				93A9901D28D35ACB00F990A4 /* Sources */,
				93A9901E28D35ACB00F990A4 /* Frameworks */,
				93A9901F28D35ACB00F990A4 /* Resources */,
				93A9905428D35DF700F990A4 /* Embed Foundation Extensions */,
				2917E93B28E9F9FD00CF6458 /* Embed Frameworks */,
			);
			buildRules = (
			);
			dependencies = (
				93A9904F28D35DF700F990A4 /* PBXTargetDependency */,
				93AEEB96293A2B3800A137F5 /* PBXTargetDependency */,
			);
			name = CleverPushExample;
			productName = CleverPushExample;
			productReference = 93A9902128D35ACB00F990A4 /* CleverPushExample.app */;
			productType = "com.apple.product-type.application";
		};
		93A9904728D35DF700F990A4 /* CleverPushNotificationServiceExtension */ = {
			isa = PBXNativeTarget;
			buildConfigurationList = 93A9905128D35DF700F990A4 /* Build configuration list for PBXNativeTarget "CleverPushNotificationServiceExtension" */;
			buildPhases = (
				93A9904428D35DF700F990A4 /* Sources */,
				93A9904528D35DF700F990A4 /* Frameworks */,
				93A9904628D35DF700F990A4 /* Resources */,
				2917E94528E9FB6C00CF6458 /* Embed Frameworks */,
			);
			buildRules = (
			);
			dependencies = (
			);
			name = CleverPushNotificationServiceExtension;
			productName = CleverPushNotificationServiceExtension;
			productReference = 93A9904828D35DF700F990A4 /* CleverPushNotificationServiceExtension.appex */;
			productType = "com.apple.product-type.app-extension";
		};
		93AEEB82293A2B3700A137F5 /* CleverPushWidgetExtensionExtension */ = {
			isa = PBXNativeTarget;
			buildConfigurationList = 93AEEB9A293A2B3900A137F5 /* Build configuration list for PBXNativeTarget "CleverPushWidgetExtensionExtension" */;
			buildPhases = (
				93AEEB7F293A2B3700A137F5 /* Sources */,
				93AEEB80293A2B3700A137F5 /* Frameworks */,
				93AEEB81293A2B3700A137F5 /* Resources */,
			);
			buildRules = (
			);
			dependencies = (
			);
			name = CleverPushWidgetExtensionExtension;
			productName = CleverPushWidgetExtensionExtension;
			productReference = 93AEEB83293A2B3700A137F5 /* CleverPushWidgetExtensionExtension.appex */;
			productType = "com.apple.product-type.app-extension";
		};
/* End PBXNativeTarget section */

/* Begin PBXProject section */
		93A9901928D35ACB00F990A4 /* Project object */ = {
			isa = PBXProject;
			attributes = {
				BuildIndependentTargetsInParallel = 1;
				LastSwiftUpdateCheck = 1410;
				LastUpgradeCheck = 1400;
				TargetAttributes = {
					93A9902028D35ACB00F990A4 = {
						CreatedOnToolsVersion = 14.0;
						LastSwiftMigration = 1410;
					};
					93A9904728D35DF700F990A4 = {
						CreatedOnToolsVersion = 14.0;
					};
					93AEEB82293A2B3700A137F5 = {
						CreatedOnToolsVersion = 14.1;
					};
				};
			};
			buildConfigurationList = 93A9901C28D35ACB00F990A4 /* Build configuration list for PBXProject "CleverPushExample" */;
			compatibilityVersion = "Xcode 14.0";
			developmentRegion = en;
			hasScannedForEncodings = 0;
			knownRegions = (
				en,
				Base,
			);
			mainGroup = 93A9901828D35ACB00F990A4;
			productRefGroup = 93A9902228D35ACB00F990A4 /* Products */;
			projectDirPath = "";
			projectRoot = "";
			targets = (
				93A9902028D35ACB00F990A4 /* CleverPushExample */,
				93A9904728D35DF700F990A4 /* CleverPushNotificationServiceExtension */,
				93AEEB82293A2B3700A137F5 /* CleverPushWidgetExtensionExtension */,
			);
		};
/* End PBXProject section */

/* Begin PBXResourcesBuildPhase section */
		93A9901F28D35ACB00F990A4 /* Resources */ = {
			isa = PBXResourcesBuildPhase;
			buildActionMask = 2147483647;
			files = (
				93A9903428D35ACD00F990A4 /* LaunchScreen.storyboard in Resources */,
				93A9903128D35ACD00F990A4 /* Assets.xcassets in Resources */,
				93A9902F28D35ACB00F990A4 /* Main.storyboard in Resources */,
			);
			runOnlyForDeploymentPostprocessing = 0;
		};
		93A9904628D35DF700F990A4 /* Resources */ = {
			isa = PBXResourcesBuildPhase;
			buildActionMask = 2147483647;
			files = (
			);
			runOnlyForDeploymentPostprocessing = 0;
		};
		93AEEB81293A2B3700A137F5 /* Resources */ = {
			isa = PBXResourcesBuildPhase;
			buildActionMask = 2147483647;
			files = (
				93AEEB91293A2B3800A137F5 /* Assets.xcassets in Resources */,
			);
			runOnlyForDeploymentPostprocessing = 0;
		};
/* End PBXResourcesBuildPhase section */

/* Begin PBXSourcesBuildPhase section */
		93A9901D28D35ACB00F990A4 /* Sources */ = {
			isa = PBXSourcesBuildPhase;
			buildActionMask = 2147483647;
			files = (
				93A9902C28D35ACB00F990A4 /* ViewController.m in Sources */,
				93AEEB94293A2B3800A137F5 /* CleverPushWidgetExtension.intentdefinition in Sources */,
				93A9902628D35ACB00F990A4 /* AppDelegate.m in Sources */,
				93AEEBA1293A323900A137F5 /* CPLiveActivityVC.swift in Sources */,
				93A9903728D35ACD00F990A4 /* main.m in Sources */,
			);
			runOnlyForDeploymentPostprocessing = 0;
		};
		93A9904428D35DF700F990A4 /* Sources */ = {
			isa = PBXSourcesBuildPhase;
			buildActionMask = 2147483647;
			files = (
				93A9904C28D35DF700F990A4 /* NotificationService.m in Sources */,
			);
			runOnlyForDeploymentPostprocessing = 0;
		};
		93AEEB7F293A2B3700A137F5 /* Sources */ = {
			isa = PBXSourcesBuildPhase;
			buildActionMask = 2147483647;
			files = (
				93AEEBA2293A323900A137F5 /* CPLiveActivityVC.swift in Sources */,
				93AEEB93293A2B3800A137F5 /* CleverPushWidgetExtension.intentdefinition in Sources */,
				93AEEB8A293A2B3700A137F5 /* CleverPushWidgetExtensionBundle.swift in Sources */,
				93AEEB8C293A2B3700A137F5 /* CleverPushWidgetExtensionLiveActivity.swift in Sources */,
			);
			runOnlyForDeploymentPostprocessing = 0;
		};
/* End PBXSourcesBuildPhase section */

/* Begin PBXTargetDependency section */
		93A9904F28D35DF700F990A4 /* PBXTargetDependency */ = {
			isa = PBXTargetDependency;
			target = 93A9904728D35DF700F990A4 /* CleverPushNotificationServiceExtension */;
			targetProxy = 93A9904E28D35DF700F990A4 /* PBXContainerItemProxy */;
		};
		93AEEB96293A2B3800A137F5 /* PBXTargetDependency */ = {
			isa = PBXTargetDependency;
			target = 93AEEB82293A2B3700A137F5 /* CleverPushWidgetExtensionExtension */;
			targetProxy = 93AEEB95293A2B3800A137F5 /* PBXContainerItemProxy */;
		};
/* End PBXTargetDependency section */

/* Begin PBXVariantGroup section */
		93A9902D28D35ACB00F990A4 /* Main.storyboard */ = {
			isa = PBXVariantGroup;
			children = (
				93A9902E28D35ACB00F990A4 /* Base */,
			);
			name = Main.storyboard;
			sourceTree = "<group>";
		};
		93A9903228D35ACD00F990A4 /* LaunchScreen.storyboard */ = {
			isa = PBXVariantGroup;
			children = (
				93A9903328D35ACD00F990A4 /* Base */,
			);
			name = LaunchScreen.storyboard;
			sourceTree = "<group>";
		};
/* End PBXVariantGroup section */

/* Begin XCBuildConfiguration section */
		93A9903828D35ACD00F990A4 /* Debug */ = {
			isa = XCBuildConfiguration;
			buildSettings = {
				ALWAYS_SEARCH_USER_PATHS = NO;
				CLANG_ANALYZER_NONNULL = YES;
				CLANG_ANALYZER_NUMBER_OBJECT_CONVERSION = YES_AGGRESSIVE;
				CLANG_CXX_LANGUAGE_STANDARD = "gnu++20";
				CLANG_ENABLE_MODULES = YES;
				CLANG_ENABLE_OBJC_ARC = YES;
				CLANG_ENABLE_OBJC_WEAK = YES;
				CLANG_WARN_BLOCK_CAPTURE_AUTORELEASING = YES;
				CLANG_WARN_BOOL_CONVERSION = YES;
				CLANG_WARN_COMMA = YES;
				CLANG_WARN_CONSTANT_CONVERSION = YES;
				CLANG_WARN_DEPRECATED_OBJC_IMPLEMENTATIONS = YES;
				CLANG_WARN_DIRECT_OBJC_ISA_USAGE = YES_ERROR;
				CLANG_WARN_DOCUMENTATION_COMMENTS = YES;
				CLANG_WARN_EMPTY_BODY = YES;
				CLANG_WARN_ENUM_CONVERSION = YES;
				CLANG_WARN_INFINITE_RECURSION = YES;
				CLANG_WARN_INT_CONVERSION = YES;
				CLANG_WARN_NON_LITERAL_NULL_CONVERSION = YES;
				CLANG_WARN_OBJC_IMPLICIT_RETAIN_SELF = YES;
				CLANG_WARN_OBJC_LITERAL_CONVERSION = YES;
				CLANG_WARN_OBJC_ROOT_CLASS = YES_ERROR;
				CLANG_WARN_QUOTED_INCLUDE_IN_FRAMEWORK_HEADER = YES;
				CLANG_WARN_RANGE_LOOP_ANALYSIS = YES;
				CLANG_WARN_STRICT_PROTOTYPES = YES;
				CLANG_WARN_SUSPICIOUS_MOVE = YES;
				CLANG_WARN_UNGUARDED_AVAILABILITY = YES_AGGRESSIVE;
				CLANG_WARN_UNREACHABLE_CODE = YES;
				CLANG_WARN__DUPLICATE_METHOD_MATCH = YES;
				COPY_PHASE_STRIP = NO;
				DEBUG_INFORMATION_FORMAT = dwarf;
				ENABLE_STRICT_OBJC_MSGSEND = YES;
				ENABLE_TESTABILITY = YES;
				GCC_C_LANGUAGE_STANDARD = gnu11;
				GCC_DYNAMIC_NO_PIC = NO;
				GCC_NO_COMMON_BLOCKS = YES;
				GCC_OPTIMIZATION_LEVEL = 0;
				GCC_PREPROCESSOR_DEFINITIONS = (
					"DEBUG=1",
					"$(inherited)",
				);
				GCC_WARN_64_TO_32_BIT_CONVERSION = YES;
				GCC_WARN_ABOUT_RETURN_TYPE = YES_ERROR;
				GCC_WARN_UNDECLARED_SELECTOR = YES;
				GCC_WARN_UNINITIALIZED_AUTOS = YES_AGGRESSIVE;
				GCC_WARN_UNUSED_FUNCTION = YES;
				GCC_WARN_UNUSED_VARIABLE = YES;
				IPHONEOS_DEPLOYMENT_TARGET = 9.0;
				MTL_ENABLE_DEBUG_INFO = INCLUDE_SOURCE;
				MTL_FAST_MATH = YES;
				ONLY_ACTIVE_ARCH = YES;
				SDKROOT = iphoneos;
			};
			name = Debug;
		};
		93A9903928D35ACD00F990A4 /* Release */ = {
			isa = XCBuildConfiguration;
			buildSettings = {
				ALWAYS_SEARCH_USER_PATHS = NO;
				CLANG_ANALYZER_NONNULL = YES;
				CLANG_ANALYZER_NUMBER_OBJECT_CONVERSION = YES_AGGRESSIVE;
				CLANG_CXX_LANGUAGE_STANDARD = "gnu++20";
				CLANG_ENABLE_MODULES = YES;
				CLANG_ENABLE_OBJC_ARC = YES;
				CLANG_ENABLE_OBJC_WEAK = YES;
				CLANG_WARN_BLOCK_CAPTURE_AUTORELEASING = YES;
				CLANG_WARN_BOOL_CONVERSION = YES;
				CLANG_WARN_COMMA = YES;
				CLANG_WARN_CONSTANT_CONVERSION = YES;
				CLANG_WARN_DEPRECATED_OBJC_IMPLEMENTATIONS = YES;
				CLANG_WARN_DIRECT_OBJC_ISA_USAGE = YES_ERROR;
				CLANG_WARN_DOCUMENTATION_COMMENTS = YES;
				CLANG_WARN_EMPTY_BODY = YES;
				CLANG_WARN_ENUM_CONVERSION = YES;
				CLANG_WARN_INFINITE_RECURSION = YES;
				CLANG_WARN_INT_CONVERSION = YES;
				CLANG_WARN_NON_LITERAL_NULL_CONVERSION = YES;
				CLANG_WARN_OBJC_IMPLICIT_RETAIN_SELF = YES;
				CLANG_WARN_OBJC_LITERAL_CONVERSION = YES;
				CLANG_WARN_OBJC_ROOT_CLASS = YES_ERROR;
				CLANG_WARN_QUOTED_INCLUDE_IN_FRAMEWORK_HEADER = YES;
				CLANG_WARN_RANGE_LOOP_ANALYSIS = YES;
				CLANG_WARN_STRICT_PROTOTYPES = YES;
				CLANG_WARN_SUSPICIOUS_MOVE = YES;
				CLANG_WARN_UNGUARDED_AVAILABILITY = YES_AGGRESSIVE;
				CLANG_WARN_UNREACHABLE_CODE = YES;
				CLANG_WARN__DUPLICATE_METHOD_MATCH = YES;
				COPY_PHASE_STRIP = NO;
				DEBUG_INFORMATION_FORMAT = "dwarf-with-dsym";
				ENABLE_NS_ASSERTIONS = NO;
				ENABLE_STRICT_OBJC_MSGSEND = YES;
				GCC_C_LANGUAGE_STANDARD = gnu11;
				GCC_NO_COMMON_BLOCKS = YES;
				GCC_WARN_64_TO_32_BIT_CONVERSION = YES;
				GCC_WARN_ABOUT_RETURN_TYPE = YES_ERROR;
				GCC_WARN_UNDECLARED_SELECTOR = YES;
				GCC_WARN_UNINITIALIZED_AUTOS = YES_AGGRESSIVE;
				GCC_WARN_UNUSED_FUNCTION = YES;
				GCC_WARN_UNUSED_VARIABLE = YES;
				IPHONEOS_DEPLOYMENT_TARGET = 9.0;
				MTL_ENABLE_DEBUG_INFO = NO;
				MTL_FAST_MATH = YES;
				SDKROOT = iphoneos;
				VALIDATE_PRODUCT = YES;
			};
			name = Release;
		};
		93A9903B28D35ACD00F990A4 /* Debug */ = {
			isa = XCBuildConfiguration;
			buildSettings = {
				ALWAYS_EMBED_SWIFT_STANDARD_LIBRARIES = YES;
				ASSETCATALOG_COMPILER_APPICON_NAME = AppIcon;
				ASSETCATALOG_COMPILER_GLOBAL_ACCENT_COLOR_NAME = AccentColor;
				CLANG_ENABLE_MODULES = YES;
				CODE_SIGN_ENTITLEMENTS = CleverPushExample/CleverPushExample.entitlements;
				CODE_SIGN_STYLE = Automatic;
				CURRENT_PROJECT_VERSION = 1;
				DEVELOPMENT_TEAM = KWJDGZUQ72;
				GENERATE_INFOPLIST_FILE = YES;
				INFOPLIST_FILE = CleverPushExample/Info.plist;
				INFOPLIST_KEY_UIApplicationSupportsIndirectInputEvents = YES;
				INFOPLIST_KEY_UILaunchStoryboardName = LaunchScreen;
				INFOPLIST_KEY_UIMainStoryboardFile = Main;
				INFOPLIST_KEY_UISupportedInterfaceOrientations_iPad = "UIInterfaceOrientationPortrait UIInterfaceOrientationPortraitUpsideDown UIInterfaceOrientationLandscapeLeft UIInterfaceOrientationLandscapeRight";
				INFOPLIST_KEY_UISupportedInterfaceOrientations_iPhone = "UIInterfaceOrientationPortrait UIInterfaceOrientationLandscapeLeft UIInterfaceOrientationLandscapeRight";
				IPHONEOS_DEPLOYMENT_TARGET = 9.0;
				LD_RUNPATH_SEARCH_PATHS = (
					"$(inherited)",
					"@executable_path/Frameworks",
				);
				MARKETING_VERSION = 1.0;
				PRODUCT_BUNDLE_IDENTIFIER = com.Cleverpush.iOSExampleSDK;
				PRODUCT_NAME = "$(TARGET_NAME)";
				SUPPORTED_PLATFORMS = "iphoneos iphonesimulator";
				SUPPORTS_MACCATALYST = NO;
				SUPPORTS_MAC_DESIGNED_FOR_IPHONE_IPAD = NO;
				SWIFT_EMIT_LOC_STRINGS = YES;
				SWIFT_OBJC_BRIDGING_HEADER = "CleverPushExample/CleverPushExample-Bridging-Header.h";
				SWIFT_OPTIMIZATION_LEVEL = "-Onone";
				SWIFT_VERSION = 5.0;
				TARGETED_DEVICE_FAMILY = "1,2";
			};
			name = Debug;
		};
		93A9903C28D35ACD00F990A4 /* Release */ = {
			isa = XCBuildConfiguration;
			buildSettings = {
				ALWAYS_EMBED_SWIFT_STANDARD_LIBRARIES = YES;
				ASSETCATALOG_COMPILER_APPICON_NAME = AppIcon;
				ASSETCATALOG_COMPILER_GLOBAL_ACCENT_COLOR_NAME = AccentColor;
				CLANG_ENABLE_MODULES = YES;
				CODE_SIGN_ENTITLEMENTS = CleverPushExample/CleverPushExample.entitlements;
				CODE_SIGN_STYLE = Automatic;
				CURRENT_PROJECT_VERSION = 1;
				DEVELOPMENT_TEAM = KWJDGZUQ72;
				GENERATE_INFOPLIST_FILE = YES;
				INFOPLIST_FILE = CleverPushExample/Info.plist;
				INFOPLIST_KEY_UIApplicationSupportsIndirectInputEvents = YES;
				INFOPLIST_KEY_UILaunchStoryboardName = LaunchScreen;
				INFOPLIST_KEY_UIMainStoryboardFile = Main;
				INFOPLIST_KEY_UISupportedInterfaceOrientations_iPad = "UIInterfaceOrientationPortrait UIInterfaceOrientationPortraitUpsideDown UIInterfaceOrientationLandscapeLeft UIInterfaceOrientationLandscapeRight";
				INFOPLIST_KEY_UISupportedInterfaceOrientations_iPhone = "UIInterfaceOrientationPortrait UIInterfaceOrientationLandscapeLeft UIInterfaceOrientationLandscapeRight";
				IPHONEOS_DEPLOYMENT_TARGET = 9.0;
				LD_RUNPATH_SEARCH_PATHS = (
					"$(inherited)",
					"@executable_path/Frameworks",
				);
				MARKETING_VERSION = 1.0;
				PRODUCT_BUNDLE_IDENTIFIER = com.Cleverpush.iOSExampleSDK;
				PRODUCT_NAME = "$(TARGET_NAME)";
				SUPPORTED_PLATFORMS = "iphoneos iphonesimulator";
				SUPPORTS_MACCATALYST = NO;
				SUPPORTS_MAC_DESIGNED_FOR_IPHONE_IPAD = NO;
				SWIFT_EMIT_LOC_STRINGS = YES;
				SWIFT_OBJC_BRIDGING_HEADER = "CleverPushExample/CleverPushExample-Bridging-Header.h";
				SWIFT_VERSION = 5.0;
				TARGETED_DEVICE_FAMILY = "1,2";
			};
			name = Release;
		};
		93A9905228D35DF700F990A4 /* Debug */ = {
			isa = XCBuildConfiguration;
			buildSettings = {
				CODE_SIGN_STYLE = Automatic;
				CURRENT_PROJECT_VERSION = 1;
				DEVELOPMENT_TEAM = KWJDGZUQ72;
				FRAMEWORK_SEARCH_PATHS = (
					"$(PROJECT_DIR)/../Frameworks/CleverPush.xcframework/ios-arm64",
					"$(inherited)",
				);
				GENERATE_INFOPLIST_FILE = YES;
				INFOPLIST_FILE = CleverPushNotificationServiceExtension/Info.plist;
				INFOPLIST_KEY_CFBundleDisplayName = CleverPushNotificationServiceExtension;
				INFOPLIST_KEY_NSHumanReadableCopyright = "";
				IPHONEOS_DEPLOYMENT_TARGET = 9.0;
				MARKETING_VERSION = 1.0;
				PRODUCT_BUNDLE_IDENTIFIER = com.Cleverpush.iOSExampleSDK.CleverPushNotificationServiceExtension;
				PRODUCT_NAME = "$(TARGET_NAME)";
				SKIP_INSTALL = YES;
				SWIFT_EMIT_LOC_STRINGS = YES;
				TARGETED_DEVICE_FAMILY = "1,2";
			};
			name = Debug;
		};
		93A9905328D35DF700F990A4 /* Release */ = {
			isa = XCBuildConfiguration;
			buildSettings = {
				CODE_SIGN_STYLE = Automatic;
				CURRENT_PROJECT_VERSION = 1;
				DEVELOPMENT_TEAM = KWJDGZUQ72;
				FRAMEWORK_SEARCH_PATHS = (
					"$(PROJECT_DIR)/../Frameworks/CleverPush.xcframework/ios-arm64",
					"$(inherited)",
				);
				GENERATE_INFOPLIST_FILE = YES;
				INFOPLIST_FILE = CleverPushNotificationServiceExtension/Info.plist;
				INFOPLIST_KEY_CFBundleDisplayName = CleverPushNotificationServiceExtension;
				INFOPLIST_KEY_NSHumanReadableCopyright = "";
				IPHONEOS_DEPLOYMENT_TARGET = 9.0;
				MARKETING_VERSION = 1.0;
				PRODUCT_BUNDLE_IDENTIFIER = com.Cleverpush.iOSExampleSDK.CleverPushNotificationServiceExtension;
				PRODUCT_NAME = "$(TARGET_NAME)";
				SKIP_INSTALL = YES;
				SWIFT_EMIT_LOC_STRINGS = YES;
				TARGETED_DEVICE_FAMILY = "1,2";
			};
			name = Release;
		};
		93AEEB98293A2B3900A137F5 /* Debug */ = {
			isa = XCBuildConfiguration;
			buildSettings = {
				ASSETCATALOG_COMPILER_GLOBAL_ACCENT_COLOR_NAME = AccentColor;
				ASSETCATALOG_COMPILER_WIDGET_BACKGROUND_COLOR_NAME = WidgetBackground;
				CODE_SIGN_ENTITLEMENTS = CleverPushWidgetExtensionExtension.entitlements;
				CODE_SIGN_STYLE = Automatic;
				CURRENT_PROJECT_VERSION = 1;
				DEVELOPMENT_TEAM = KWJDGZUQ72;
				GENERATE_INFOPLIST_FILE = YES;
				INFOPLIST_FILE = CleverPushWidgetExtension/Info.plist;
				INFOPLIST_KEY_CFBundleDisplayName = CleverPushWidgetExtension;
				INFOPLIST_KEY_NSHumanReadableCopyright = "";
				IPHONEOS_DEPLOYMENT_TARGET = 16.1;
				LD_RUNPATH_SEARCH_PATHS = (
					"$(inherited)",
					"@executable_path/Frameworks",
					"@executable_path/../../Frameworks",
				);
				MARKETING_VERSION = 1.0;
				PRODUCT_BUNDLE_IDENTIFIER = com.Cleverpush.iOSExampleSDK.CleverPushWidgetExtension;
				PRODUCT_NAME = "$(TARGET_NAME)";
				SKIP_INSTALL = YES;
				SWIFT_ACTIVE_COMPILATION_CONDITIONS = DEBUG;
				SWIFT_EMIT_LOC_STRINGS = YES;
				SWIFT_OPTIMIZATION_LEVEL = "-Onone";
				SWIFT_VERSION = 5.0;
				TARGETED_DEVICE_FAMILY = "1,2";
			};
			name = Debug;
		};
		93AEEB99293A2B3900A137F5 /* Release */ = {
			isa = XCBuildConfiguration;
			buildSettings = {
				ASSETCATALOG_COMPILER_GLOBAL_ACCENT_COLOR_NAME = AccentColor;
				ASSETCATALOG_COMPILER_WIDGET_BACKGROUND_COLOR_NAME = WidgetBackground;
				CODE_SIGN_ENTITLEMENTS = CleverPushWidgetExtensionExtension.entitlements;
				CODE_SIGN_STYLE = Automatic;
				CURRENT_PROJECT_VERSION = 1;
				DEVELOPMENT_TEAM = KWJDGZUQ72;
				GENERATE_INFOPLIST_FILE = YES;
				INFOPLIST_FILE = CleverPushWidgetExtension/Info.plist;
				INFOPLIST_KEY_CFBundleDisplayName = CleverPushWidgetExtension;
				INFOPLIST_KEY_NSHumanReadableCopyright = "";
				IPHONEOS_DEPLOYMENT_TARGET = 16.1;
				LD_RUNPATH_SEARCH_PATHS = (
					"$(inherited)",
					"@executable_path/Frameworks",
					"@executable_path/../../Frameworks",
				);
				MARKETING_VERSION = 1.0;
				PRODUCT_BUNDLE_IDENTIFIER = com.Cleverpush.iOSExampleSDK.CleverPushWidgetExtension;
				PRODUCT_NAME = "$(TARGET_NAME)";
				SKIP_INSTALL = YES;
				SWIFT_COMPILATION_MODE = wholemodule;
				SWIFT_EMIT_LOC_STRINGS = YES;
				SWIFT_OPTIMIZATION_LEVEL = "-O";
				SWIFT_VERSION = 5.0;
				TARGETED_DEVICE_FAMILY = "1,2";
			};
			name = Release;
		};
/* End XCBuildConfiguration section */

/* Begin XCConfigurationList section */
		93A9901C28D35ACB00F990A4 /* Build configuration list for PBXProject "CleverPushExample" */ = {
			isa = XCConfigurationList;
			buildConfigurations = (
				93A9903828D35ACD00F990A4 /* Debug */,
				93A9903928D35ACD00F990A4 /* Release */,
			);
			defaultConfigurationIsVisible = 0;
			defaultConfigurationName = Release;
		};
		93A9903A28D35ACD00F990A4 /* Build configuration list for PBXNativeTarget "CleverPushExample" */ = {
			isa = XCConfigurationList;
			buildConfigurations = (
				93A9903B28D35ACD00F990A4 /* Debug */,
				93A9903C28D35ACD00F990A4 /* Release */,
			);
			defaultConfigurationIsVisible = 0;
			defaultConfigurationName = Release;
		};
		93A9905128D35DF700F990A4 /* Build configuration list for PBXNativeTarget "CleverPushNotificationServiceExtension" */ = {
			isa = XCConfigurationList;
			buildConfigurations = (
				93A9905228D35DF700F990A4 /* Debug */,
				93A9905328D35DF700F990A4 /* Release */,
			);
			defaultConfigurationIsVisible = 0;
			defaultConfigurationName = Release;
		};
		93AEEB9A293A2B3900A137F5 /* Build configuration list for PBXNativeTarget "CleverPushWidgetExtensionExtension" */ = {
			isa = XCConfigurationList;
			buildConfigurations = (
				93AEEB98293A2B3900A137F5 /* Debug */,
				93AEEB99293A2B3900A137F5 /* Release */,
			);
			defaultConfigurationIsVisible = 0;
			defaultConfigurationName = Release;
		};
/* End XCConfigurationList section */
	};
	rootObject = 93A9901928D35ACB00F990A4 /* Project object */;
}
